
Microsoft Visual Studio Solution File, Format Version 12.00
# Visual Studio Version 17
VisualStudioVersion = 17.9.34622.214
MinimumVisualStudioVersion = 10.0.40219.1
Project("{9A19103F-16F7-4668-BE54-9A1E7A4F7556}") = "PizzaPlus", "PizzaPlus.csproj", "{572C993E-CEE3-41F3-85C0-96136649F803}"
EndProject
Global
	GlobalSection(SolutionConfigurationPlatforms) = preSolution
		Debug|Any CPU = Debug|Any CPU
		Release|Any CPU = Release|Any CPU
	EndGlobalSection
	GlobalSection(ProjectConfigurationPlatforms) = postSolution
		{572C993E-CEE3-41F3-85C0-96136649F803}.Debug|Any CPU.ActiveCfg = Debug|Any CPU
		{572C993E-CEE3-41F3-85C0-96136649F803}.Debug|Any CPU.Build.0 = Debug|Any CPU
		{572C993E-CEE3-41F3-85C0-96136649F803}.Release|Any CPU.ActiveCfg = Release|Any CPU
		{572C993E-CEE3-41F3-85C0-96136649F803}.Release|Any CPU.Build.0 = Release|Any CPU
	EndGlobalSection
	GlobalSection(SolutionProperties) = preSolution
		HideSolutionNode = FALSE
	EndGlobalSection
	GlobalSection(ExtensibilityGlobals) = postSolution
		SolutionGuid = {94B7CA85-FA67-4590-81BE-034FE68AB292}
	EndGlobalSection
EndGlobal
